// !$*UTF8*$!
{
	archiveVersion = 1;
	classes = {
	};
	objectVersion = 70;
	objects = {

/* Begin PBXBuildFile section */
		84464EF82D65618700D0A003 /* FirebaseAuth in Frameworks */ = {isa = PBXBuildFile; productRef = 84464EF72D65618700D0A003 /* FirebaseAuth */; };
		84464EFA2D65618700D0A003 /* FirebaseFirestore in Frameworks */ = {isa = PBXBuildFile; productRef = 84464EF92D65618700D0A003 /* FirebaseFirestore */; };
		846E68CC27A9B81800197218 /* PBC_CocktailTests.swift in Sources */ = {isa = PBXBuildFile; fileRef = 846E68CB27A9B81800197218 /* PBC_CocktailTests.swift */; };
		846E68D627A9B81800197218 /* PBC_CocktailUITests.swift in Sources */ = {isa = PBXBuildFile; fileRef = 846E68D527A9B81800197218 /* PBC_CocktailUITests.swift */; };
		846E68D827A9B81800197218 /* PBC_CocktailUITestsLaunchTests.swift in Sources */ = {isa = PBXBuildFile; fileRef = 846E68D727A9B81800197218 /* PBC_CocktailUITestsLaunchTests.swift */; };
		84B677652D67B41A003D5E77 /* FirebaseAuth in Frameworks */ = {isa = PBXBuildFile; productRef = 84B677642D67B41A003D5E77 /* FirebaseAuth */; };
		84B677672D67B41A003D5E77 /* FirebaseFirestore in Frameworks */ = {isa = PBXBuildFile; productRef = 84B677662D67B41A003D5E77 /* FirebaseFirestore */; };
		84B6776A2D67C489003D5E77 /* FirebaseAnalytics in Frameworks */ = {isa = PBXBuildFile; productRef = 84B677692D67C489003D5E77 /* FirebaseAnalytics */; };
		84B6776C2D67C489003D5E77 /* FirebaseAppDistribution-Beta in Frameworks */ = {isa = PBXBuildFile; productRef = 84B6776B2D67C489003D5E77 /* FirebaseAppDistribution-Beta */; };
		84B6776E2D67C489003D5E77 /* FirebaseAuth in Frameworks */ = {isa = PBXBuildFile; productRef = 84B6776D2D67C489003D5E77 /* FirebaseAuth */; };
		84B677702D67C489003D5E77 /* FirebaseFirestore in Frameworks */ = {isa = PBXBuildFile; productRef = 84B6776F2D67C489003D5E77 /* FirebaseFirestore */; };
		84B677722D67C489003D5E77 /* FirebaseStorage in Frameworks */ = {isa = PBXBuildFile; productRef = 84B677712D67C489003D5E77 /* FirebaseStorage */; };
		84B77D422D5E8FBD0044679F /* FirebaseAuth in Frameworks */ = {isa = PBXBuildFile; productRef = 84B77D412D5E8FBD0044679F /* FirebaseAuth */; };
		84B77D442D5E8FBD0044679F /* FirebaseFirestore in Frameworks */ = {isa = PBXBuildFile; productRef = 84B77D432D5E8FBD0044679F /* FirebaseFirestore */; };
/* End PBXBuildFile section */

/* Begin PBXContainerItemProxy section */
		846E68C827A9B81800197218 /* PBXContainerItemProxy */ = {
			isa = PBXContainerItemProxy;
			containerPortal = 846E68AF27A9B81100197218 /* Project object */;
			proxyType = 1;
			remoteGlobalIDString = 846E68B627A9B81100197218;
			remoteInfo = PBCCocktail;
		};
		846E68D227A9B81800197218 /* PBXContainerItemProxy */ = {
			isa = PBXContainerItemProxy;
			containerPortal = 846E68AF27A9B81100197218 /* Project object */;
			proxyType = 1;
			remoteGlobalIDString = 846E68B627A9B81100197218;
			remoteInfo = PBCCocktail;
		};
/* End PBXContainerItemProxy section */

/* Begin PBXFileReference section */
		846E68B727A9B81100197218 /* PBCCocktail.app */ = {isa = PBXFileReference; explicitFileType = wrapper.application; includeInIndex = 0; path = PBCCocktail.app; sourceTree = BUILT_PRODUCTS_DIR; };
		846E68C727A9B81800197218 /* PBCCocktailTests.xctest */ = {isa = PBXFileReference; explicitFileType = wrapper.cfbundle; includeInIndex = 0; path = PBCCocktailTests.xctest; sourceTree = BUILT_PRODUCTS_DIR; };
		846E68CB27A9B81800197218 /* PBC_CocktailTests.swift */ = {isa = PBXFileReference; lastKnownFileType = sourcecode.swift; path = PBC_CocktailTests.swift; sourceTree = "<group>"; };
		846E68D127A9B81800197218 /* PBCCocktailUITests.xctest */ = {isa = PBXFileReference; explicitFileType = wrapper.cfbundle; includeInIndex = 0; path = PBCCocktailUITests.xctest; sourceTree = BUILT_PRODUCTS_DIR; };
		846E68D527A9B81800197218 /* PBC_CocktailUITests.swift */ = {isa = PBXFileReference; lastKnownFileType = sourcecode.swift; path = PBC_CocktailUITests.swift; sourceTree = "<group>"; };
		846E68D727A9B81800197218 /* PBC_CocktailUITestsLaunchTests.swift */ = {isa = PBXFileReference; lastKnownFileType = sourcecode.swift; path = PBC_CocktailUITestsLaunchTests.swift; sourceTree = "<group>"; };
/* End PBXFileReference section */

/* Begin PBXFileSystemSynchronizedBuildFileExceptionSet section */
		8444EE1A2D69069B00380CB1 /* PBXFileSystemSynchronizedBuildFileExceptionSet */ = {
			isa = PBXFileSystemSynchronizedBuildFileExceptionSet;
			membershipExceptions = (
				Assets.xcassets,
				Auth/AuthenticationManager.swift,
				Auth/FirebaseConfig.swift,
				Auth/FirebaseManager.swift,
				"GoogleService-Info.plist",
				Models/CocktailModel.swift,
				Models/UserModel.swift,
				PBC_CocktailApp.swift,
				"Preview Content/Preview Assets.xcassets",
				ViewModels/CocktailViewModel.swift,
				Views/CocktailView.swift,
				Views/ContentView.swift,
				Views/FavoritesView.swift,
				Views/SignInView.swift,
			);
			target = 846E68B627A9B81100197218 /* PBCCocktail */;
		};
/* End PBXFileSystemSynchronizedBuildFileExceptionSet section */

/* Begin PBXFileSystemSynchronizedRootGroup section */
		84B77D022D5B0F810044679F /* PBCCocktail */ = {isa = PBXFileSystemSynchronizedRootGroup; exceptions = (8444EE1A2D69069B00380CB1 /* PBXFileSystemSynchronizedBuildFileExceptionSet */, ); explicitFileTypes = {}; explicitFolders = (); path = PBCCocktail; sourceTree = "<group>"; };
/* End PBXFileSystemSynchronizedRootGroup section */

/* Begin PBXFrameworksBuildPhase section */
		846E68B427A9B81100197218 /* Frameworks */ = {
			isa = PBXFrameworksBuildPhase;
			buildActionMask = 2147483647;
			files = (
				84B6776A2D67C489003D5E77 /* FirebaseAnalytics in Frameworks */,
				84B77D422D5E8FBD0044679F /* FirebaseAuth in Frameworks */,
				84B677652D67B41A003D5E77 /* FirebaseAuth in Frameworks */,
				84B677702D67C489003D5E77 /* FirebaseFirestore in Frameworks */,
				84464EFA2D65618700D0A003 /* FirebaseFirestore in Frameworks */,
				84B6776E2D67C489003D5E77 /* FirebaseAuth in Frameworks */,
				84464EF82D65618700D0A003 /* FirebaseAuth in Frameworks */,
				84B77D442D5E8FBD0044679F /* FirebaseFirestore in Frameworks */,
				84B677722D67C489003D5E77 /* FirebaseStorage in Frameworks */,
				84B677672D67B41A003D5E77 /* FirebaseFirestore in Frameworks */,
				84B6776C2D67C489003D5E77 /* FirebaseAppDistribution-Beta in Frameworks */,
			);
			runOnlyForDeploymentPostprocessing = 0;
		};
		846E68C427A9B81800197218 /* Frameworks */ = {
			isa = PBXFrameworksBuildPhase;
			buildActionMask = 2147483647;
			files = (
			);
			runOnlyForDeploymentPostprocessing = 0;
		};
		846E68CE27A9B81800197218 /* Frameworks */ = {
			isa = PBXFrameworksBuildPhase;
			buildActionMask = 2147483647;
			files = (
			);
			runOnlyForDeploymentPostprocessing = 0;
		};
/* End PBXFrameworksBuildPhase section */

/* Begin PBXGroup section */
		846E68AE27A9B81100197218 = {
			isa = PBXGroup;
			children = (
				846E68CA27A9B81800197218 /* PBCCocktailTests */,
				846E68D427A9B81800197218 /* PBCCocktailUITests */,
				846E68B827A9B81100197218 /* Products */,
				84B77D022D5B0F810044679F /* PBCCocktail */,
				84B77D562D5FC61B0044679F /* Frameworks */,
			);
			sourceTree = "<group>";
		};
		846E68B827A9B81100197218 /* Products */ = {
			isa = PBXGroup;
			children = (
				846E68B727A9B81100197218 /* PBCCocktail.app */,
				846E68C727A9B81800197218 /* PBCCocktailTests.xctest */,
				846E68D127A9B81800197218 /* PBCCocktailUITests.xctest */,
			);
			name = Products;
			sourceTree = "<group>";
		};
		846E68CA27A9B81800197218 /* PBCCocktailTests */ = {
			isa = PBXGroup;
			children = (
				846E68D527A9B81800197218 /* PBC_CocktailUITests.swift */,
				846E68CB27A9B81800197218 /* PBC_CocktailTests.swift */,
				846E68D727A9B81800197218 /* PBC_CocktailUITestsLaunchTests.swift */,
			);
			path = PBCCocktailTests;
			sourceTree = "<group>";
		};
		846E68D427A9B81800197218 /* PBCCocktailUITests */ = {
			isa = PBXGroup;
			children = (
			);
			path = PBCCocktailUITests;
			sourceTree = "<group>";
		};
		84B77D562D5FC61B0044679F /* Frameworks */ = {
			isa = PBXGroup;
			children = (
			);
			name = Frameworks;
			sourceTree = "<group>";
		};
/* End PBXGroup section */

/* Begin PBXNativeTarget section */
		846E68B627A9B81100197218 /* PBCCocktail */ = {
			isa = PBXNativeTarget;
			buildConfigurationList = 846E68DB27A9B81800197218 /* Build configuration list for PBXNativeTarget "PBCCocktail" */;
			buildPhases = (
				846E68B327A9B81100197218 /* Sources */,
				846E68B427A9B81100197218 /* Frameworks */,
				846E68B527A9B81100197218 /* Resources */,
			);
			buildRules = (
			);
			dependencies = (
			);
			name = PBCCocktail;
			productName = PBCCocktail;
			productReference = 846E68B727A9B81100197218 /* PBCCocktail.app */;
			productType = "com.apple.product-type.application";
		};
		846E68C627A9B81800197218 /* PBCCocktailTests */ = {
			isa = PBXNativeTarget;
			buildConfigurationList = 846E68DE27A9B81800197218 /* Build configuration list for PBXNativeTarget "PBCCocktailTests" */;
			buildPhases = (
				846E68C327A9B81800197218 /* Sources */,
				846E68C427A9B81800197218 /* Frameworks */,
				846E68C527A9B81800197218 /* Resources */,
			);
			buildRules = (
			);
			dependencies = (
				846E68C927A9B81800197218 /* PBXTargetDependency */,
			);
			name = PBCCocktailTests;
			productName = PBCCocktailTests;
			productReference = 846E68C727A9B81800197218 /* PBCCocktailTests.xctest */;
			productType = "com.apple.product-type.bundle.unit-test";
		};
		846E68D027A9B81800197218 /* PBCCocktailUITests */ = {
			isa = PBXNativeTarget;
			buildConfigurationList = 846E68E127A9B81800197218 /* Build configuration list for PBXNativeTarget "PBCCocktailUITests" */;
			buildPhases = (
				846E68CD27A9B81800197218 /* Sources */,
				846E68CE27A9B81800197218 /* Frameworks */,
				846E68CF27A9B81800197218 /* Resources */,
			);
			buildRules = (
			);
			dependencies = (
				846E68D327A9B81800197218 /* PBXTargetDependency */,
			);
			name = PBCCocktailUITests;
			productName = PBCCocktailUITests;
			productReference = 846E68D127A9B81800197218 /* PBCCocktailUITests.xctest */;
			productType = "com.apple.product-type.bundle.ui-testing";
		};
/* End PBXNativeTarget section */

/* Begin PBXProject section */
		846E68AF27A9B81100197218 /* Project object */ = {
			isa = PBXProject;
			attributes = {
				BuildIndependentTargetsInParallel = 1;
				LastSwiftUpdateCheck = 1320;
				LastUpgradeCheck = 1610;
				TargetAttributes = {
					846E68B627A9B81100197218 = {
						CreatedOnToolsVersion = 13.2.1;
					};
					846E68C627A9B81800197218 = {
						CreatedOnToolsVersion = 13.2.1;
						TestTargetID = 846E68B627A9B81100197218;
					};
					846E68D027A9B81800197218 = {
						CreatedOnToolsVersion = 13.2.1;
						TestTargetID = 846E68B627A9B81100197218;
					};
				};
			};
			buildConfigurationList = 846E68B227A9B81100197218 /* Build configuration list for PBXProject "PBCCocktail" */;
			compatibilityVersion = "Xcode 13.0";
			developmentRegion = en;
			hasScannedForEncodings = 0;
			knownRegions = (
				en,
				Base,
			);
			mainGroup = 846E68AE27A9B81100197218;
			packageReferences = (
				84B677682D67C489003D5E77 /* XCRemoteSwiftPackageReference "firebase-ios-sdk" */,
			);
			productRefGroup = 846E68B827A9B81100197218 /* Products */;
			projectDirPath = "";
			projectRoot = "";
			targets = (
				846E68B627A9B81100197218 /* PBCCocktail */,
				846E68C627A9B81800197218 /* PBCCocktailTests */,
				846E68D027A9B81800197218 /* PBCCocktailUITests */,
			);
		};
/* End PBXProject section */

/* Begin PBXResourcesBuildPhase section */
		846E68B527A9B81100197218 /* Resources */ = {
			isa = PBXResourcesBuildPhase;
			buildActionMask = 2147483647;
			files = (
			);
			runOnlyForDeploymentPostprocessing = 0;
		};
		846E68C527A9B81800197218 /* Resources */ = {
			isa = PBXResourcesBuildPhase;
			buildActionMask = 2147483647;
			files = (
			);
			runOnlyForDeploymentPostprocessing = 0;
		};
		846E68CF27A9B81800197218 /* Resources */ = {
			isa = PBXResourcesBuildPhase;
			buildActionMask = 2147483647;
			files = (
			);
			runOnlyForDeploymentPostprocessing = 0;
		};
/* End PBXResourcesBuildPhase section */

/* Begin PBXSourcesBuildPhase section */
		846E68B327A9B81100197218 /* Sources */ = {
			isa = PBXSourcesBuildPhase;
			buildActionMask = 2147483647;
			files = (
			);
			runOnlyForDeploymentPostprocessing = 0;
		};
		846E68C327A9B81800197218 /* Sources */ = {
			isa = PBXSourcesBuildPhase;
			buildActionMask = 2147483647;
			files = (
				846E68CC27A9B81800197218 /* PBC_CocktailTests.swift in Sources */,
			);
			runOnlyForDeploymentPostprocessing = 0;
		};
		846E68CD27A9B81800197218 /* Sources */ = {
			isa = PBXSourcesBuildPhase;
			buildActionMask = 2147483647;
			files = (
				846E68D827A9B81800197218 /* PBC_CocktailUITestsLaunchTests.swift in Sources */,
				846E68D627A9B81800197218 /* PBC_CocktailUITests.swift in Sources */,
			);
			runOnlyForDeploymentPostprocessing = 0;
		};
/* End PBXSourcesBuildPhase section */

/* Begin PBXTargetDependency section */
		846E68C927A9B81800197218 /* PBXTargetDependency */ = {
			isa = PBXTargetDependency;
			target = 846E68B627A9B81100197218 /* PBCCocktail */;
			targetProxy = 846E68C827A9B81800197218 /* PBXContainerItemProxy */;
		};
		846E68D327A9B81800197218 /* PBXTargetDependency */ = {
			isa = PBXTargetDependency;
			target = 846E68B627A9B81100197218 /* PBCCocktail */;
			targetProxy = 846E68D227A9B81800197218 /* PBXContainerItemProxy */;
		};
/* End PBXTargetDependency section */

/* Begin XCBuildConfiguration section */
		846E68D927A9B81800197218 /* Debug */ = {
			isa = XCBuildConfiguration;
			buildSettings = {
				ALWAYS_SEARCH_USER_PATHS = NO;
				CLANG_ANALYZER_NONNULL = YES;
				CLANG_ANALYZER_NUMBER_OBJECT_CONVERSION = YES_AGGRESSIVE;
				CLANG_CXX_LANGUAGE_STANDARD = "gnu++17";
				CLANG_CXX_LIBRARY = "libc++";
				CLANG_ENABLE_MODULES = YES;
				CLANG_ENABLE_OBJC_ARC = YES;
				CLANG_ENABLE_OBJC_WEAK = YES;
				CLANG_WARN_BLOCK_CAPTURE_AUTORELEASING = YES;
				CLANG_WARN_BOOL_CONVERSION = YES;
				CLANG_WARN_COMMA = YES;
				CLANG_WARN_CONSTANT_CONVERSION = YES;
				CLANG_WARN_DEPRECATED_OBJC_IMPLEMENTATIONS = YES;
				CLANG_WARN_DIRECT_OBJC_ISA_USAGE = YES_ERROR;
				CLANG_WARN_DOCUMENTATION_COMMENTS = YES;
				CLANG_WARN_EMPTY_BODY = YES;
				CLANG_WARN_ENUM_CONVERSION = YES;
				CLANG_WARN_INFINITE_RECURSION = YES;
				CLANG_WARN_INT_CONVERSION = YES;
				CLANG_WARN_NON_LITERAL_NULL_CONVERSION = YES;
				CLANG_WARN_OBJC_IMPLICIT_RETAIN_SELF = YES;
				CLANG_WARN_OBJC_LITERAL_CONVERSION = YES;
				CLANG_WARN_OBJC_ROOT_CLASS = YES_ERROR;
				CLANG_WARN_QUOTED_INCLUDE_IN_FRAMEWORK_HEADER = YES;
				CLANG_WARN_RANGE_LOOP_ANALYSIS = YES;
				CLANG_WARN_STRICT_PROTOTYPES = YES;
				CLANG_WARN_SUSPICIOUS_MOVE = YES;
				CLANG_WARN_UNGUARDED_AVAILABILITY = YES_AGGRESSIVE;
				CLANG_WARN_UNREACHABLE_CODE = YES;
				CLANG_WARN__DUPLICATE_METHOD_MATCH = YES;
				COPY_PHASE_STRIP = NO;
				DEBUG_INFORMATION_FORMAT = "dwarf-with-dsym";
				ENABLE_STRICT_OBJC_MSGSEND = YES;
				ENABLE_TESTABILITY = YES;
				ENABLE_USER_SCRIPT_SANDBOXING = YES;
				GCC_C_LANGUAGE_STANDARD = gnu11;
				GCC_DYNAMIC_NO_PIC = NO;
				GCC_NO_COMMON_BLOCKS = YES;
				GCC_OPTIMIZATION_LEVEL = 0;
				GCC_PREPROCESSOR_DEFINITIONS = (
					"DEBUG=1",
					"$(inherited)",
				);
				GCC_WARN_64_TO_32_BIT_CONVERSION = YES;
				GCC_WARN_ABOUT_RETURN_TYPE = YES_ERROR;
				GCC_WARN_UNDECLARED_SELECTOR = YES;
				GCC_WARN_UNINITIALIZED_AUTOS = YES_AGGRESSIVE;
				GCC_WARN_UNUSED_FUNCTION = YES;
				GCC_WARN_UNUSED_VARIABLE = YES;
				GENERATE_INFOPLIST_FILE = YES;
				INFOPLIST_FILE = PBCCocktail/Info.plist;
				INFOPLIST_KEY_CFBundleDisplayName = "Random Collection";
				INFOPLIST_KEY_LSApplicationCategoryType = "public.app-category.food-and-drink";
				IPHONEOS_DEPLOYMENT_TARGET = 15.2;
				MTL_ENABLE_DEBUG_INFO = INCLUDE_SOURCE;
				MTL_FAST_MATH = YES;
				ONLY_ACTIVE_ARCH = YES;
				PRODUCT_NAME = Cocktails;
				SDKROOT = iphoneos;
				STRIP_INSTALLED_PRODUCT = NO;
				STRIP_SWIFT_SYMBOLS = NO;
				SWIFT_ACTIVE_COMPILATION_CONDITIONS = DEBUG;
				SWIFT_OPTIMIZATION_LEVEL = "-Onone";
			};
			name = Debug;
		};
		846E68DA27A9B81800197218 /* Release */ = {
			isa = XCBuildConfiguration;
			buildSettings = {
				ALWAYS_SEARCH_USER_PATHS = NO;
				CLANG_ANALYZER_NONNULL = YES;
				CLANG_ANALYZER_NUMBER_OBJECT_CONVERSION = YES_AGGRESSIVE;
				CLANG_CXX_LANGUAGE_STANDARD = "gnu++17";
				CLANG_CXX_LIBRARY = "libc++";
				CLANG_ENABLE_MODULES = YES;
				CLANG_ENABLE_OBJC_ARC = YES;
				CLANG_ENABLE_OBJC_WEAK = YES;
				CLANG_WARN_BLOCK_CAPTURE_AUTORELEASING = YES;
				CLANG_WARN_BOOL_CONVERSION = YES;
				CLANG_WARN_COMMA = YES;
				CLANG_WARN_CONSTANT_CONVERSION = YES;
				CLANG_WARN_DEPRECATED_OBJC_IMPLEMENTATIONS = YES;
				CLANG_WARN_DIRECT_OBJC_ISA_USAGE = YES_ERROR;
				CLANG_WARN_DOCUMENTATION_COMMENTS = YES;
				CLANG_WARN_EMPTY_BODY = YES;
				CLANG_WARN_ENUM_CONVERSION = YES;
				CLANG_WARN_INFINITE_RECURSION = YES;
				CLANG_WARN_INT_CONVERSION = YES;
				CLANG_WARN_NON_LITERAL_NULL_CONVERSION = YES;
				CLANG_WARN_OBJC_IMPLICIT_RETAIN_SELF = YES;
				CLANG_WARN_OBJC_LITERAL_CONVERSION = YES;
				CLANG_WARN_OBJC_ROOT_CLASS = YES_ERROR;
				CLANG_WARN_QUOTED_INCLUDE_IN_FRAMEWORK_HEADER = YES;
				CLANG_WARN_RANGE_LOOP_ANALYSIS = YES;
				CLANG_WARN_STRICT_PROTOTYPES = YES;
				CLANG_WARN_SUSPICIOUS_MOVE = YES;
				CLANG_WARN_UNGUARDED_AVAILABILITY = YES_AGGRESSIVE;
				CLANG_WARN_UNREACHABLE_CODE = YES;
				CLANG_WARN__DUPLICATE_METHOD_MATCH = YES;
				COPY_PHASE_STRIP = NO;
				DEBUG_INFORMATION_FORMAT = "dwarf-with-dsym";
				ENABLE_NS_ASSERTIONS = NO;
				ENABLE_STRICT_OBJC_MSGSEND = YES;
				ENABLE_USER_SCRIPT_SANDBOXING = YES;
				GCC_C_LANGUAGE_STANDARD = gnu11;
				GCC_NO_COMMON_BLOCKS = YES;
				GCC_WARN_64_TO_32_BIT_CONVERSION = YES;
				GCC_WARN_ABOUT_RETURN_TYPE = YES_ERROR;
				GCC_WARN_UNDECLARED_SELECTOR = YES;
				GCC_WARN_UNINITIALIZED_AUTOS = YES_AGGRESSIVE;
				GCC_WARN_UNUSED_FUNCTION = YES;
				GCC_WARN_UNUSED_VARIABLE = YES;
				GENERATE_INFOPLIST_FILE = YES;
				INFOPLIST_FILE = PBCCocktail/Info.plist;
				INFOPLIST_KEY_CFBundleDisplayName = "Random Collection";
				INFOPLIST_KEY_LSApplicationCategoryType = "public.app-category.food-and-drink";
				IPHONEOS_DEPLOYMENT_TARGET = 15.2;
				MTL_ENABLE_DEBUG_INFO = NO;
				MTL_FAST_MATH = YES;
				PRODUCT_NAME = Cocktails;
				SDKROOT = iphoneos;
				STRIP_INSTALLED_PRODUCT = NO;
				STRIP_SWIFT_SYMBOLS = NO;
				SWIFT_COMPILATION_MODE = wholemodule;
				SWIFT_OPTIMIZATION_LEVEL = "-O";
				VALIDATE_PRODUCT = YES;
			};
			name = Release;
		};
		846E68DC27A9B81800197218 /* Debug */ = {
			isa = XCBuildConfiguration;
			buildSettings = {
				ASSETCATALOG_COMPILER_APPICON_NAME = AppIcon;
				ASSETCATALOG_COMPILER_GLOBAL_ACCENT_COLOR_NAME = AccentColor;
				CODE_SIGN_ENTITLEMENTS = PBCCocktail/PBCCocktail.entitlements;
				CODE_SIGN_STYLE = Automatic;
				CURRENT_PROJECT_VERSION = 5;
				DEBUG_INFORMATION_FORMAT = "dwarf-with-dsym";
				DEVELOPMENT_ASSET_PATHS = "\"PBCCocktail/Preview Content\"";
				DEVELOPMENT_TEAM = DY473XC7PR;
				ENABLE_PREVIEWS = YES;
				GENERATE_INFOPLIST_FILE = YES;
				INFOPLIST_FILE = PBCCocktail/Info.plist;
				INFOPLIST_KEY_CFBundleDisplayName = Cocktails;
				INFOPLIST_KEY_UIApplicationSceneManifest_Generation = YES;
				INFOPLIST_KEY_UIApplicationSupportsIndirectInputEvents = YES;
				INFOPLIST_KEY_UILaunchScreen_Generation = YES;
				INFOPLIST_KEY_UISupportedInterfaceOrientations = UIInterfaceOrientationPortrait;
				INFOPLIST_KEY_UISupportedInterfaceOrientations_iPad = "UIInterfaceOrientationPortrait UIInterfaceOrientationPortraitUpsideDown UIInterfaceOrientationLandscapeLeft UIInterfaceOrientationLandscapeRight";
				INFOPLIST_KEY_UISupportedInterfaceOrientations_iPhone = "UIInterfaceOrientationPortrait UIInterfaceOrientationLandscapeLeft UIInterfaceOrientationLandscapeRight";
				LD_RUNPATH_SEARCH_PATHS = (
					"$(inherited)",
					"@executable_path/Frameworks",
				);
				MARKETING_VERSION = 1.0.5;
				PRODUCT_BUNDLE_IDENTIFIER = "com.meganehrlich.PBC-Cocktail";
				PRODUCT_NAME = "$(TARGET_NAME)";
				STRIP_INSTALLED_PRODUCT = NO;
				STRIP_SWIFT_SYMBOLS = NO;
				SUPPORTED_PLATFORMS = "iphoneos iphonesimulator";
				SUPPORTS_MACCATALYST = NO;
				SUPPORTS_XR_DESIGNED_FOR_IPHONE_IPAD = NO;
				SWIFT_EMIT_LOC_STRINGS = YES;
				SWIFT_VERSION = 5.0;
				TARGETED_DEVICE_FAMILY = 1;
			};
			name = Debug;
		};
		846E68DD27A9B81800197218 /* Release */ = {
			isa = XCBuildConfiguration;
			buildSettings = {
				ASSETCATALOG_COMPILER_APPICON_NAME = AppIcon;
				ASSETCATALOG_COMPILER_GLOBAL_ACCENT_COLOR_NAME = AccentColor;
				CODE_SIGN_ENTITLEMENTS = PBCCocktail/PBCCocktail.entitlements;
				CODE_SIGN_STYLE = Automatic;
				CURRENT_PROJECT_VERSION = 5;
				DEVELOPMENT_ASSET_PATHS = "\"PBCCocktail/Preview Content\"";
				DEVELOPMENT_TEAM = DY473XC7PR;
				ENABLE_PREVIEWS = YES;
				GENERATE_INFOPLIST_FILE = YES;
				INFOPLIST_FILE = PBCCocktail/Info.plist;
				INFOPLIST_KEY_CFBundleDisplayName = Cocktails;
				INFOPLIST_KEY_UIApplicationSceneManifest_Generation = YES;
				INFOPLIST_KEY_UIApplicationSupportsIndirectInputEvents = YES;
				INFOPLIST_KEY_UILaunchScreen_Generation = YES;
				INFOPLIST_KEY_UISupportedInterfaceOrientations = UIInterfaceOrientationPortrait;
				INFOPLIST_KEY_UISupportedInterfaceOrientations_iPad = "UIInterfaceOrientationPortrait UIInterfaceOrientationPortraitUpsideDown UIInterfaceOrientationLandscapeLeft UIInterfaceOrientationLandscapeRight";
				INFOPLIST_KEY_UISupportedInterfaceOrientations_iPhone = "UIInterfaceOrientationPortrait UIInterfaceOrientationLandscapeLeft UIInterfaceOrientationLandscapeRight";
				LD_RUNPATH_SEARCH_PATHS = (
					"$(inherited)",
					"@executable_path/Frameworks",
				);
				MARKETING_VERSION = 1.0.5;
				PRODUCT_BUNDLE_IDENTIFIER = "com.meganehrlich.PBC-Cocktail";
				PRODUCT_NAME = "$(TARGET_NAME)";
				STRIP_INSTALLED_PRODUCT = NO;
				STRIP_SWIFT_SYMBOLS = NO;
				SUPPORTED_PLATFORMS = "iphoneos iphonesimulator";
				SUPPORTS_MACCATALYST = NO;
				SUPPORTS_XR_DESIGNED_FOR_IPHONE_IPAD = NO;
				SWIFT_EMIT_LOC_STRINGS = YES;
				SWIFT_VERSION = 5.0;
				TARGETED_DEVICE_FAMILY = 1;
			};
			name = Release;
		};
		846E68DF27A9B81800197218 /* Debug */ = {
			isa = XCBuildConfiguration;
			buildSettings = {
				BUNDLE_LOADER = "$(TEST_HOST)";
				CODE_SIGN_STYLE = Automatic;
				CURRENT_PROJECT_VERSION = 1;
				DEVELOPMENT_TEAM = DY473XC7PR;
				GENERATE_INFOPLIST_FILE = YES;
				IPHONEOS_DEPLOYMENT_TARGET = 15.2;
				MARKETING_VERSION = 1.0;
				PRODUCT_BUNDLE_IDENTIFIER = "mehrlich.PBC-CocktailTests";
				PRODUCT_NAME = "$(TARGET_NAME)";
				SWIFT_EMIT_LOC_STRINGS = NO;
				SWIFT_VERSION = 5.0;
				TARGETED_DEVICE_FAMILY = "1,2";
				TEST_HOST = "$(BUILT_PRODUCTS_DIR)/PBCCocktail.app/PBCCocktail";
			};
			name = Debug;
		};
		846E68E027A9B81800197218 /* Release */ = {
			isa = XCBuildConfiguration;
			buildSettings = {
				BUNDLE_LOADER = "$(TEST_HOST)";
				CODE_SIGN_STYLE = Automatic;
				CURRENT_PROJECT_VERSION = 1;
				DEVELOPMENT_TEAM = DY473XC7PR;
				GENERATE_INFOPLIST_FILE = YES;
				IPHONEOS_DEPLOYMENT_TARGET = 15.2;
				MARKETING_VERSION = 1.0;
				PRODUCT_BUNDLE_IDENTIFIER = "mehrlich.PBC-CocktailTests";
				PRODUCT_NAME = "$(TARGET_NAME)";
				SWIFT_EMIT_LOC_STRINGS = NO;
				SWIFT_VERSION = 5.0;
				TARGETED_DEVICE_FAMILY = "1,2";
				TEST_HOST = "$(BUILT_PRODUCTS_DIR)/PBCCocktail.app/PBCCocktail";
			};
			name = Release;
		};
		846E68E227A9B81800197218 /* Debug */ = {
			isa = XCBuildConfiguration;
			buildSettings = {
				CODE_SIGN_STYLE = Automatic;
				CURRENT_PROJECT_VERSION = 1;
				DEVELOPMENT_TEAM = DY473XC7PR;
				GENERATE_INFOPLIST_FILE = YES;
				MARKETING_VERSION = 1.0;
				PRODUCT_BUNDLE_IDENTIFIER = "mehrlich.PBC-CocktailUITests";
				PRODUCT_NAME = "$(TARGET_NAME)";
				SWIFT_EMIT_LOC_STRINGS = NO;
				SWIFT_VERSION = 5.0;
				TARGETED_DEVICE_FAMILY = "1,2";
				TEST_TARGET_NAME = PBCCocktail;
			};
			name = Debug;
		};
		846E68E327A9B81800197218 /* Release */ = {
			isa = XCBuildConfiguration;
			buildSettings = {
				CODE_SIGN_STYLE = Automatic;
				CURRENT_PROJECT_VERSION = 1;
				DEVELOPMENT_TEAM = DY473XC7PR;
				GENERATE_INFOPLIST_FILE = YES;
				MARKETING_VERSION = 1.0;
				PRODUCT_BUNDLE_IDENTIFIER = "mehrlich.PBC-CocktailUITests";
				PRODUCT_NAME = "$(TARGET_NAME)";
				SWIFT_EMIT_LOC_STRINGS = NO;
				SWIFT_VERSION = 5.0;
				TARGETED_DEVICE_FAMILY = "1,2";
				TEST_TARGET_NAME = PBCCocktail;
			};
			name = Release;
		};
/* End XCBuildConfiguration section */

/* Begin XCConfigurationList section */
		846E68B227A9B81100197218 /* Build configuration list for PBXProject "PBCCocktail" */ = {
			isa = XCConfigurationList;
			buildConfigurations = (
				846E68D927A9B81800197218 /* Debug */,
				846E68DA27A9B81800197218 /* Release */,
			);
			defaultConfigurationIsVisible = 0;
			defaultConfigurationName = Release;
		};
		846E68DB27A9B81800197218 /* Build configuration list for PBXNativeTarget "PBCCocktail" */ = {
			isa = XCConfigurationList;
			buildConfigurations = (
				846E68DC27A9B81800197218 /* Debug */,
				846E68DD27A9B81800197218 /* Release */,
			);
			defaultConfigurationIsVisible = 0;
			defaultConfigurationName = Release;
		};
		846E68DE27A9B81800197218 /* Build configuration list for PBXNativeTarget "PBCCocktailTests" */ = {
			isa = XCConfigurationList;
			buildConfigurations = (
				846E68DF27A9B81800197218 /* Debug */,
				846E68E027A9B81800197218 /* Release */,
			);
			defaultConfigurationIsVisible = 0;
			defaultConfigurationName = Release;
		};
		846E68E127A9B81800197218 /* Build configuration list for PBXNativeTarget "PBCCocktailUITests" */ = {
			isa = XCConfigurationList;
			buildConfigurations = (
				846E68E227A9B81800197218 /* Debug */,
				846E68E327A9B81800197218 /* Release */,
			);
			defaultConfigurationIsVisible = 0;
			defaultConfigurationName = Release;
		};
/* End XCConfigurationList section */

/* Begin XCRemoteSwiftPackageReference section */
		84464EF62D65618700D0A003 /* XCRemoteSwiftPackageReference "firebase-ios-sdk" */ = {
			isa = XCRemoteSwiftPackageReference;
			repositoryURL = "https://github.com/firebase/firebase-ios-sdk.git";
			requirement = {
				kind = upToNextMajorVersion;
				minimumVersion = 11.8.1;
			};
		};
		84B677632D67B41A003D5E77 /* XCRemoteSwiftPackageReference "firebase-ios-sdk" */ = {
			isa = XCRemoteSwiftPackageReference;
			repositoryURL = "https://github.com/firebase/firebase-ios-sdk.git";
			requirement = {
				kind = upToNextMajorVersion;
				minimumVersion = 11.8.1;
			};
		};
		84B677682D67C489003D5E77 /* XCRemoteSwiftPackageReference "firebase-ios-sdk" */ = {
			isa = XCRemoteSwiftPackageReference;
			repositoryURL = "https://github.com/firebase/firebase-ios-sdk.git";
			requirement = {
				kind = upToNextMajorVersion;
				minimumVersion = 11.8.1;
			};
		};
		84B77D402D5E8FBD0044679F /* XCRemoteSwiftPackageReference "firebase-ios-sdk" */ = {
			isa = XCRemoteSwiftPackageReference;
			repositoryURL = "https://github.com/firebase/firebase-ios-sdk.git";
			requirement = {
				kind = upToNextMajorVersion;
				minimumVersion = 11.8.1;
			};
		};
/* End XCRemoteSwiftPackageReference section */

/* Begin XCSwiftPackageProductDependency section */
		84464EF72D65618700D0A003 /* FirebaseAuth */ = {
			isa = XCSwiftPackageProductDependency;
			package = 84464EF62D65618700D0A003 /* XCRemoteSwiftPackageReference "firebase-ios-sdk" */;
			productName = FirebaseAuth;
		};
		84464EF92D65618700D0A003 /* FirebaseFirestore */ = {
			isa = XCSwiftPackageProductDependency;
			package = 84464EF62D65618700D0A003 /* XCRemoteSwiftPackageReference "firebase-ios-sdk" */;
			productName = FirebaseFirestore;
		};
		84B677642D67B41A003D5E77 /* FirebaseAuth */ = {
			isa = XCSwiftPackageProductDependency;
			package = 84B677632D67B41A003D5E77 /* XCRemoteSwiftPackageReference "firebase-ios-sdk" */;
			productName = FirebaseAuth;
		};
		84B677662D67B41A003D5E77 /* FirebaseFirestore */ = {
			isa = XCSwiftPackageProductDependency;
			package = 84B677632D67B41A003D5E77 /* XCRemoteSwiftPackageReference "firebase-ios-sdk" */;
			productName = FirebaseFirestore;
		};
		84B677692D67C489003D5E77 /* FirebaseAnalytics */ = {
			isa = XCSwiftPackageProductDependency;
			package = 84B677682D67C489003D5E77 /* XCRemoteSwiftPackageReference "firebase-ios-sdk" */;
			productName = FirebaseAnalytics;
		};
		84B6776B2D67C489003D5E77 /* FirebaseAppDistribution-Beta */ = {
			isa = XCSwiftPackageProductDependency;
			package = 84B677682D67C489003D5E77 /* XCRemoteSwiftPackageReference "firebase-ios-sdk" */;
			productName = "FirebaseAppDistribution-Beta";
		};
		84B6776D2D67C489003D5E77 /* FirebaseAuth */ = {
			isa = XCSwiftPackageProductDependency;
			package = 84B677682D67C489003D5E77 /* XCRemoteSwiftPackageReference "firebase-ios-sdk" */;
			productName = FirebaseAuth;
		};
		84B6776F2D67C489003D5E77 /* FirebaseFirestore */ = {
			isa = XCSwiftPackageProductDependency;
			package = 84B677682D67C489003D5E77 /* XCRemoteSwiftPackageReference "firebase-ios-sdk" */;
			productName = FirebaseFirestore;
		};
		84B677712D67C489003D5E77 /* FirebaseStorage */ = {
			isa = XCSwiftPackageProductDependency;
			package = 84B677682D67C489003D5E77 /* XCRemoteSwiftPackageReference "firebase-ios-sdk" */;
			productName = FirebaseStorage;
		};
		84B77D412D5E8FBD0044679F /* FirebaseAuth */ = {
			isa = XCSwiftPackageProductDependency;
			package = 84B77D402D5E8FBD0044679F /* XCRemoteSwiftPackageReference "firebase-ios-sdk" */;
			productName = FirebaseAuth;
		};
		84B77D432D5E8FBD0044679F /* FirebaseFirestore */ = {
			isa = XCSwiftPackageProductDependency;
			package = 84B77D402D5E8FBD0044679F /* XCRemoteSwiftPackageReference "firebase-ios-sdk" */;
			productName = FirebaseFirestore;
		};
/* End XCSwiftPackageProductDependency section */
	};
	rootObject = 846E68AF27A9B81100197218 /* Project object */;
}
